// !$*UTF8*$!
{
	archiveVersion = 1;
	classes = {
	};
	objectVersion = 52;
	objects = {

/* Begin PBXBuildFile section */
		01FCC6E3E16046A68BB35E88 /* CDVStatusBar.m in Sources */ = {isa = PBXBuildFile; fileRef = 543BA7C7FF7E491BB89442FF /* CDVStatusBar.m */; };
		0207DA581B56EA530066E2B4 /* Images.xcassets in Resources */ = {isa = PBXBuildFile; fileRef = 0207DA571B56EA530066E2B4 /* Images.xcassets */; };
		0CC2E27824F54A52AD6C8A20 /* ImageIO.framework in Frameworks */ = {isa = PBXBuildFile; fileRef = D9683268896B4931AEE9011F /* ImageIO.framework */; settings = {ATTRIBUTES = (Weak, ); }; };
		0F3BE070407F4C509D909E29 /* GoogleService-Info.plist in Resources */ = {isa = PBXBuildFile; fileRef = 63C07C2716EE4DB9AE301071 /* GoogleService-Info.plist */; };
		128370FFD4404807B5D6A8C9 /* SocialSharing.m in Sources */ = {isa = PBXBuildFile; fileRef = 80C0DFE6350D44ADB33DC2A8 /* SocialSharing.m */; };
		1527C47F981D4434A6B48303 /* CDVBarcodeScanner.mm in Sources */ = {isa = PBXBuildFile; fileRef = C2A20C21FEDC4BE1B90EF3AE /* CDVBarcodeScanner.mm */; };
		1D3623260D0F684500981E51 /* AppDelegate.m in Sources */ = {isa = PBXBuildFile; fileRef = 1D3623250D0F684500981E51 /* AppDelegate.m */; };
		1D60589B0D05DD56006BFB54 /* main.m in Sources */ = {isa = PBXBuildFile; fileRef = 29B97316FDCFA39411CA2CEA /* main.m */; };
		2025DE6A36C749C29CCF8342 /* CDVConnection.m in Sources */ = {isa = PBXBuildFile; fileRef = 54CA6232BDBB4A81980E405D /* CDVConnection.m */; };
		224B0BA7DC124034876AB907 /* AddressBookUI.framework in Frameworks */ = {isa = PBXBuildFile; fileRef = E00938ECE4124DEE8B036D6C /* AddressBookUI.framework */; settings = {ATTRIBUTES = (Weak, ); }; };
		236521A3FDD5468395C163F5 /* CDVJsInjection.m in Sources */ = {isa = PBXBuildFile; fileRef = C79487BE0DA741168BEF99D5 /* CDVJsInjection.m */; };
		301BF552109A68D80062928A /* libCordova.a in Frameworks */ = {isa = PBXBuildFile; fileRef = 301BF535109A57CC0062928A /* libCordova.a */; settings = {ATTRIBUTES = (Required, ); }; };
		302D95F114D2391D003F00A1 /* MainViewController.m in Sources */ = {isa = PBXBuildFile; fileRef = 302D95EF14D2391D003F00A1 /* MainViewController.m */; };
		302D95F214D2391D003F00A1 /* MainViewController.xib in Resources */ = {isa = PBXBuildFile; fileRef = 302D95F014D2391D003F00A1 /* MainViewController.xib */; };
		359BD2592D54403C86D3EE30 /* CDVRemoteInjectionUIWebViewDelegate.m in Sources */ = {isa = PBXBuildFile; fileRef = 8F6A1DCF626246FEA733EC11 /* CDVRemoteInjectionUIWebViewDelegate.m */; };
		4222C87802824136B64879BE /* SystemConfiguration.framework in Frameworks */ = {isa = PBXBuildFile; fileRef = C70D97F854144005B4BC93DB /* SystemConfiguration.framework */; settings = {ATTRIBUTES = (Weak, ); }; };
		42B254C0A55941FF932593CC /* scannerOverlay.xib in Resources */ = {isa = PBXBuildFile; fileRef = C40B662958034EEDBB8893DF /* scannerOverlay.xib */; };
		4D42ED0233BE4022B62490CF /* CDVReachability.m in Sources */ = {isa = PBXBuildFile; fileRef = 19859C1055284C6B87172DAA /* CDVReachability.m */; };
		523907A462B04F97B546B83D /* AudioRecorderPlugin.m in Sources */ = {isa = PBXBuildFile; fileRef = 5300E1CEC8664A6CA454865A /* AudioRecorderPlugin.m */; };
		55BADB3709BA4D888A1FBC94 /* OSAudioRecorder.bundle in Resources */ = {isa = PBXBuildFile; fileRef = 83D78153700444F0923F3E3F /* OSAudioRecorder.bundle */; };
		55EE2FBC3120453B820CF891 /* WebKit.framework in Frameworks */ = {isa = PBXBuildFile; fileRef = D31054260BAD418B83917DFF /* WebKit.framework */; settings = {ATTRIBUTES = (Weak, ); }; };
		6AFF5BF91D6E424B00AB3073 /* CDVLaunchScreen.storyboard in Resources */ = {isa = PBXBuildFile; fileRef = 6AFF5BF81D6E424B00AB3073 /* CDVLaunchScreen.storyboard */; };
		6E917E2143B840FA8B07C010 /* AVFoundation.framework in Frameworks */ = {isa = PBXBuildFile; fileRef = 5E16937983654C129320176B /* AVFoundation.framework */; };
		6FC245F2380C426298E425FC /* FirebasePluginMessageReceiverManager.m in Sources */ = {isa = PBXBuildFile; fileRef = 44013D1C40F2457A8FBFD07D /* FirebasePluginMessageReceiverManager.m */; };
		75F7AF6F444047639529E552 /* CDVCamera.m in Sources */ = {isa = PBXBuildFile; fileRef = D6151D0094534591BB616CC5 /* CDVCamera.m */; };
		78A64C1650444B4089FB45B6 /* CoreTelephony.framework in Frameworks */ = {isa = PBXBuildFile; fileRef = 1D623A5B8F074E5DA4D4E1DF /* CoreTelephony.framework */; };
		798DE17A328945F98B6D8594 /* CDVJpegHeaderWriter.m in Sources */ = {isa = PBXBuildFile; fileRef = 0E4F7F1CD7664A90B078363B /* CDVJpegHeaderWriter.m */; };
		799402CA2C7F4DF79024E484 /* AuthenticationServices.framework in Frameworks */ = {isa = PBXBuildFile; fileRef = F782D5C9BC56479ABE87987D /* AuthenticationServices.framework */; };
		7F65FC3753C1499AA927585A /* CDVRemoteInjection.m in Sources */ = {isa = PBXBuildFile; fileRef = 0FE2BB85C72544C8AD51EC8E /* CDVRemoteInjection.m */; };
		8A915E9ACBEA25C0DBA3DBAE /* Pods_Planing_24.framework in Frameworks */ = {isa = PBXBuildFile; fileRef = EF9A975D82CAF94E7FA14F07 /* Pods_Planing_24.framework */; };
		8C46BBB548A847F0B39ADF91 /* UIImage+CropScaleOrientation.m in Sources */ = {isa = PBXBuildFile; fileRef = A6EF7574DB2644808000BF6E /* UIImage+CropScaleOrientation.m */; };
		8E76801A45AB49689A91DB0F /* FirebasePluginMessageReceiver.m in Sources */ = {isa = PBXBuildFile; fileRef = 76745F646E7B4BE780899C50 /* FirebasePluginMessageReceiver.m */; };
		905D29F260174FB29952ECE6 /* FirebasePlugin.m in Sources */ = {isa = PBXBuildFile; fileRef = 09A3815885E7435E9A414644 /* FirebasePlugin.m */; };
		90880091E8C7489EBCAAF766 /* CoreLocation.framework in Frameworks */ = {isa = PBXBuildFile; fileRef = 1BD5952CD57645ACAB2395ED /* CoreLocation.framework */; };
		9ED73417FBD6455DABD379D9 /* CDVRemoteInjectionWebViewBaseDelegate.m in Sources */ = {isa = PBXBuildFile; fileRef = 9694C4D12ED84391A12E63E5 /* CDVRemoteInjectionWebViewBaseDelegate.m */; };
		AFEE6392D4E24A4BA4B27EAA /* AppDelegate+FirebasePlugin.m in Sources */ = {isa = PBXBuildFile; fileRef = 7F85B2AFA8564EC09D831F94 /* AppDelegate+FirebasePlugin.m */; };
		B3310CBCFF4A43C3A62D7C22 /* AudioRecorderVC.m in Sources */ = {isa = PBXBuildFile; fileRef = 8C605D29C34A4B05AE9363C3 /* AudioRecorderVC.m */; };
		CB3AB6EEBDE44351A4EB91B1 /* AudioToolbox.framework in Frameworks */ = {isa = PBXBuildFile; fileRef = 50DD856C7C5D4E7FB311A04A /* AudioToolbox.framework */; };
		D2D1E96A6A18409D9E425528 /* CDVRemoteInjectionWKWebViewDelegate.m in Sources */ = {isa = PBXBuildFile; fileRef = 4BA811383E0942FE9623CA8A /* CDVRemoteInjectionWKWebViewDelegate.m */; };
		D69DCA411DBD42B1A1AFF316 /* MessageUI.framework in Frameworks */ = {isa = PBXBuildFile; fileRef = 6129DE869ACA44F59BA4FF9B /* MessageUI.framework */; settings = {ATTRIBUTES = (Weak, ); }; };
		DCF3AD464CCE46BABC74EA93 /* Social.framework in Frameworks */ = {isa = PBXBuildFile; fileRef = 6491F499EE2C458B9E90D7EE /* Social.framework */; settings = {ATTRIBUTES = (Weak, ); }; };
		DDC4E28386C3463ABD3253F4 /* CDVContactsPhoneNumbers.m in Sources */ = {isa = PBXBuildFile; fileRef = B56ADBC1C9764C02B314D672 /* CDVContactsPhoneNumbers.m */; };
		E9062A136E044AB495EBCD44 /* AddressBook.framework in Frameworks */ = {isa = PBXBuildFile; fileRef = 48150128F7F04B8BA39D4C6B /* AddressBook.framework */; settings = {ATTRIBUTES = (Weak, ); }; };
		EE9C35BEF9CE4CA2B47762BF /* CDVBarcodeScanner.bundle in Resources */ = {isa = PBXBuildFile; fileRef = 1697D958B5D94B78A7293549 /* CDVBarcodeScanner.bundle */; };
		F227E19C92CC46FC91548B5A /* NSString+SSURLEncoding.m in Sources */ = {isa = PBXBuildFile; fileRef = 52EE2B78165E4ED2B8D33A5D /* NSString+SSURLEncoding.m */; };
		5DE8918F90CA4BB9ACBA0ECD /* CDVFile.m in Sources */ = {isa = PBXBuildFile; fileRef = CD18119AA7F147FBB82F2674 /* CDVFile.m */; };
		755D8A262B7C49ABACEC146B /* CDVLocalFilesystem.m in Sources */ = {isa = PBXBuildFile; fileRef = 8B75AC015409435FB6597D52 /* CDVLocalFilesystem.m */; };
		7C96CDD1491247A4AC2280DA /* CDVAssetLibraryFilesystem.m in Sources */ = {isa = PBXBuildFile; fileRef = A71E38413B194C99B8FC3B87 /* CDVAssetLibraryFilesystem.m */; };
		A43F931125DC490B98CAD8FA /* CDVCapture.m in Sources */ = {isa = PBXBuildFile; fileRef = 4EA435CCD06A441685318333 /* CDVCapture.m */; };
		14BF02ABFA034C858C8D2559 /* CDVCapture.bundle in Resources */ = {isa = PBXBuildFile; fileRef = 47EF42DEBF844809AAA1516A /* CDVCapture.bundle */; };
		AE63ECF729AD4D45BEB77A91 /* CDVFileTransfer.m in Sources */ = {isa = PBXBuildFile; fileRef = 16D813301CF44F2584ACC6B7 /* CDVFileTransfer.m */; };
/* End PBXBuildFile section */

/* Begin PBXContainerItemProxy section */
		301BF534109A57CC0062928A /* PBXContainerItemProxy */ = {
			isa = PBXContainerItemProxy;
			containerPortal = 301BF52D109A57CC0062928A /* CordovaLib.xcodeproj */;
			proxyType = 2;
			remoteGlobalIDString = D2AAC07E0554694100DB518D;
			remoteInfo = CordovaLib;
		};
		301BF550109A68C00062928A /* PBXContainerItemProxy */ = {
			isa = PBXContainerItemProxy;
			containerPortal = 301BF52D109A57CC0062928A /* CordovaLib.xcodeproj */;
			proxyType = 1;
			remoteGlobalIDString = D2AAC07D0554694100DB518D;
			remoteInfo = CordovaLib;
		};
		907D8123214C687600058A10 /* PBXContainerItemProxy */ = {
			isa = PBXContainerItemProxy;
			containerPortal = 301BF52D109A57CC0062928A /* CordovaLib.xcodeproj */;
			proxyType = 2;
			remoteGlobalIDString = C0C01EB21E3911D50056E6CB;
			remoteInfo = Cordova;
		};
/* End PBXContainerItemProxy section */

/* Begin PBXFileReference section */
		0207DA571B56EA530066E2B4 /* Images.xcassets */ = {isa = PBXFileReference; lastKnownFileType = folder.assetcatalog; name = Images.xcassets; path = "Planing 24/Images.xcassets"; sourceTree = SOURCE_ROOT; };
		0767689BD5E74071BECEE4CB /* AudioRecorderPlugin.h */ = {isa = PBXFileReference; explicitFileType = undefined; fileEncoding = 4; includeInIndex = 0; lastKnownFileType = sourcecode.c.h; name = AudioRecorderPlugin.h; path = "cordova-plugin-audio-recorder/AudioRecorderPlugin.h"; sourceTree = "<group>"; };
		09A3815885E7435E9A414644 /* FirebasePlugin.m */ = {isa = PBXFileReference; explicitFileType = undefined; fileEncoding = 4; includeInIndex = 0; lastKnownFileType = sourcecode.c.objc; name = FirebasePlugin.m; path = "cordova-plugin-firebasex/FirebasePlugin.m"; sourceTree = "<group>"; };
		0CBB75A1658A40529BEA4297 /* CDVRemoteInjectionWebViewBaseDelegate.h */ = {isa = PBXFileReference; explicitFileType = undefined; fileEncoding = 4; includeInIndex = 0; lastKnownFileType = sourcecode.c.h; name = CDVRemoteInjectionWebViewBaseDelegate.h; path = "cordova-plugin-remote-injection/CDVRemoteInjectionWebViewBaseDelegate.h"; sourceTree = "<group>"; };
		0E4F7F1CD7664A90B078363B /* CDVJpegHeaderWriter.m */ = {isa = PBXFileReference; explicitFileType = undefined; fileEncoding = 4; includeInIndex = 0; lastKnownFileType = sourcecode.c.objc; name = CDVJpegHeaderWriter.m; path = "cordova-plugin-camera/CDVJpegHeaderWriter.m"; sourceTree = "<group>"; };
		0FE2BB85C72544C8AD51EC8E /* CDVRemoteInjection.m */ = {isa = PBXFileReference; explicitFileType = undefined; fileEncoding = 4; includeInIndex = 0; lastKnownFileType = sourcecode.c.objc; name = CDVRemoteInjection.m; path = "cordova-plugin-remote-injection/CDVRemoteInjection.m"; sourceTree = "<group>"; };
		12458D9CC70F4BABA4722D27 /* SocialSharing.h */ = {isa = PBXFileReference; explicitFileType = undefined; fileEncoding = 4; includeInIndex = 0; lastKnownFileType = sourcecode.c.h; name = SocialSharing.h; path = "cordova-plugin-x-socialsharing/SocialSharing.h"; sourceTree = "<group>"; };
		12549A661BDD4B77AF9858DC /* AudioRecorderVC.h */ = {isa = PBXFileReference; explicitFileType = undefined; fileEncoding = 4; includeInIndex = 0; lastKnownFileType = sourcecode.c.h; name = AudioRecorderVC.h; path = "cordova-plugin-audio-recorder/AudioRecorderVC.h"; sourceTree = "<group>"; };
		1697D958B5D94B78A7293549 /* CDVBarcodeScanner.bundle */ = {isa = PBXFileReference; explicitFileType = undefined; fileEncoding = 9; includeInIndex = 0; lastKnownFileType = "wrapper.plug-in"; path = CDVBarcodeScanner.bundle; sourceTree = "<group>"; };
		19859C1055284C6B87172DAA /* CDVReachability.m */ = {isa = PBXFileReference; explicitFileType = undefined; fileEncoding = 4; includeInIndex = 0; lastKnownFileType = sourcecode.c.objc; name = CDVReachability.m; path = "cordova-plugin-network-information/CDVReachability.m"; sourceTree = "<group>"; };
		1BD5952CD57645ACAB2395ED /* CoreLocation.framework */ = {isa = PBXFileReference; explicitFileType = undefined; fileEncoding = 9; includeInIndex = 0; lastKnownFileType = wrapper.framework; name = CoreLocation.framework; path = System/Library/Frameworks/CoreLocation.framework; sourceTree = SDKROOT; };
		1D3623240D0F684500981E51 /* AppDelegate.h */ = {isa = PBXFileReference; fileEncoding = 4; lastKnownFileType = sourcecode.c.h; path = AppDelegate.h; sourceTree = "<group>"; };
		1D3623250D0F684500981E51 /* AppDelegate.m */ = {isa = PBXFileReference; fileEncoding = 4; lastKnownFileType = sourcecode.c.objc; path = AppDelegate.m; sourceTree = "<group>"; };
		1D6058910D05DD3D006BFB54 /* Planing 24.app */ = {isa = PBXFileReference; explicitFileType = wrapper.application; includeInIndex = 0; path = "Planing 24.app"; sourceTree = BUILT_PRODUCTS_DIR; };
		1D623A5B8F074E5DA4D4E1DF /* CoreTelephony.framework */ = {isa = PBXFileReference; explicitFileType = undefined; fileEncoding = 9; includeInIndex = 0; lastKnownFileType = wrapper.framework; name = CoreTelephony.framework; path = System/Library/Frameworks/CoreTelephony.framework; sourceTree = SDKROOT; };
		28D7600688A442828E75F72C /* AppDelegate+FirebasePlugin.h */ = {isa = PBXFileReference; explicitFileType = undefined; fileEncoding = 4; includeInIndex = 0; lastKnownFileType = sourcecode.c.h; name = "AppDelegate+FirebasePlugin.h"; path = "cordova-plugin-firebasex/AppDelegate+FirebasePlugin.h"; sourceTree = "<group>"; };
		29B97316FDCFA39411CA2CEA /* main.m */ = {isa = PBXFileReference; fileEncoding = 4; lastKnownFileType = sourcecode.c.objc; path = main.m; sourceTree = "<group>"; };
		301BF52D109A57CC0062928A /* CordovaLib.xcodeproj */ = {isa = PBXFileReference; lastKnownFileType = "wrapper.pb-project"; name = CordovaLib.xcodeproj; path = CordovaLib/CordovaLib.xcodeproj; sourceTree = "<group>"; };
		301BF56E109A69640062928A /* www */ = {isa = PBXFileReference; lastKnownFileType = folder; path = www; sourceTree = SOURCE_ROOT; };
		302D95EE14D2391D003F00A1 /* MainViewController.h */ = {isa = PBXFileReference; fileEncoding = 4; lastKnownFileType = sourcecode.c.h; path = MainViewController.h; sourceTree = "<group>"; };
		302D95EF14D2391D003F00A1 /* MainViewController.m */ = {isa = PBXFileReference; fileEncoding = 4; lastKnownFileType = sourcecode.c.objc; path = MainViewController.m; sourceTree = "<group>"; };
		302D95F014D2391D003F00A1 /* MainViewController.xib */ = {isa = PBXFileReference; fileEncoding = 4; lastKnownFileType = file.xib; path = MainViewController.xib; sourceTree = "<group>"; };
		3047A50F1AB8059700498E2A /* build-debug.xcconfig */ = {isa = PBXFileReference; fileEncoding = 4; lastKnownFileType = text.xcconfig; name = "build-debug.xcconfig"; path = "cordova/build-debug.xcconfig"; sourceTree = SOURCE_ROOT; };
		3047A5101AB8059700498E2A /* build-release.xcconfig */ = {isa = PBXFileReference; fileEncoding = 4; lastKnownFileType = text.xcconfig; name = "build-release.xcconfig"; path = "cordova/build-release.xcconfig"; sourceTree = SOURCE_ROOT; };
		3047A5111AB8059700498E2A /* build.xcconfig */ = {isa = PBXFileReference; fileEncoding = 4; lastKnownFileType = text.xcconfig; name = build.xcconfig; path = cordova/build.xcconfig; sourceTree = SOURCE_ROOT; };
		32CA4F630368D1EE00C91783 /* Planing 24-Prefix.pch */ = {isa = PBXFileReference; fileEncoding = 4; lastKnownFileType = sourcecode.c.h; path = "Planing 24-Prefix.pch"; sourceTree = "<group>"; };
		44013D1C40F2457A8FBFD07D /* FirebasePluginMessageReceiverManager.m */ = {isa = PBXFileReference; explicitFileType = undefined; fileEncoding = 4; includeInIndex = 0; lastKnownFileType = sourcecode.c.objc; name = FirebasePluginMessageReceiverManager.m; path = "cordova-plugin-firebasex/FirebasePluginMessageReceiverManager.m"; sourceTree = "<group>"; };
		44E66FEE1F9745EB9281E43A /* CDVRemoteInjection.h */ = {isa = PBXFileReference; explicitFileType = undefined; fileEncoding = 4; includeInIndex = 0; lastKnownFileType = sourcecode.c.h; name = CDVRemoteInjection.h; path = "cordova-plugin-remote-injection/CDVRemoteInjection.h"; sourceTree = "<group>"; };
		48150128F7F04B8BA39D4C6B /* AddressBook.framework */ = {isa = PBXFileReference; explicitFileType = undefined; fileEncoding = 9; includeInIndex = 0; lastKnownFileType = wrapper.framework; name = AddressBook.framework; path = System/Library/Frameworks/AddressBook.framework; sourceTree = SDKROOT; };
		4AFD05E8DFC541E68817533C /* CDVConnection.h */ = {isa = PBXFileReference; explicitFileType = undefined; fileEncoding = 4; includeInIndex = 0; lastKnownFileType = sourcecode.c.h; name = CDVConnection.h; path = "cordova-plugin-network-information/CDVConnection.h"; sourceTree = "<group>"; };
		4BA811383E0942FE9623CA8A /* CDVRemoteInjectionWKWebViewDelegate.m */ = {isa = PBXFileReference; explicitFileType = undefined; fileEncoding = 4; includeInIndex = 0; lastKnownFileType = sourcecode.c.objc; name = CDVRemoteInjectionWKWebViewDelegate.m; path = "cordova-plugin-remote-injection/CDVRemoteInjectionWKWebViewDelegate.m"; sourceTree = "<group>"; };
		4E5772AF87254C9B97232E8F /* UIImage+CropScaleOrientation.h */ = {isa = PBXFileReference; explicitFileType = undefined; fileEncoding = 4; includeInIndex = 0; lastKnownFileType = sourcecode.c.h; name = "UIImage+CropScaleOrientation.h"; path = "cordova-plugin-camera/UIImage+CropScaleOrientation.h"; sourceTree = "<group>"; };
		50DD856C7C5D4E7FB311A04A /* AudioToolbox.framework */ = {isa = PBXFileReference; explicitFileType = undefined; fileEncoding = 9; includeInIndex = 0; lastKnownFileType = wrapper.framework; name = AudioToolbox.framework; path = System/Library/Frameworks/AudioToolbox.framework; sourceTree = SDKROOT; };
		52EE2B78165E4ED2B8D33A5D /* NSString+SSURLEncoding.m */ = {isa = PBXFileReference; explicitFileType = undefined; fileEncoding = 4; includeInIndex = 0; lastKnownFileType = sourcecode.c.objc; name = "NSString+SSURLEncoding.m"; path = "cordova-plugin-x-socialsharing/NSString+SSURLEncoding.m"; sourceTree = "<group>"; };
		5300E1CEC8664A6CA454865A /* AudioRecorderPlugin.m */ = {isa = PBXFileReference; explicitFileType = undefined; fileEncoding = 4; includeInIndex = 0; lastKnownFileType = sourcecode.c.objc; name = AudioRecorderPlugin.m; path = "cordova-plugin-audio-recorder/AudioRecorderPlugin.m"; sourceTree = "<group>"; };
		543BA7C7FF7E491BB89442FF /* CDVStatusBar.m */ = {isa = PBXFileReference; explicitFileType = undefined; fileEncoding = 4; includeInIndex = 0; lastKnownFileType = sourcecode.c.objc; name = CDVStatusBar.m; path = "cordova-plugin-statusbar/CDVStatusBar.m"; sourceTree = "<group>"; };
		54CA6232BDBB4A81980E405D /* CDVConnection.m */ = {isa = PBXFileReference; explicitFileType = undefined; fileEncoding = 4; includeInIndex = 0; lastKnownFileType = sourcecode.c.objc; name = CDVConnection.m; path = "cordova-plugin-network-information/CDVConnection.m"; sourceTree = "<group>"; };
		5E16937983654C129320176B /* AVFoundation.framework */ = {isa = PBXFileReference; explicitFileType = undefined; fileEncoding = 9; includeInIndex = 0; lastKnownFileType = wrapper.framework; name = AVFoundation.framework; path = System/Library/Frameworks/AVFoundation.framework; sourceTree = SDKROOT; };
		5EF35A2EA66943F4AD256261 /* CDVExif.h */ = {isa = PBXFileReference; explicitFileType = undefined; fileEncoding = 4; includeInIndex = 0; lastKnownFileType = sourcecode.c.h; name = CDVExif.h; path = "cordova-plugin-camera/CDVExif.h"; sourceTree = "<group>"; };
		6129DE869ACA44F59BA4FF9B /* MessageUI.framework */ = {isa = PBXFileReference; explicitFileType = undefined; fileEncoding = 9; includeInIndex = 0; lastKnownFileType = wrapper.framework; name = MessageUI.framework; path = System/Library/Frameworks/MessageUI.framework; sourceTree = SDKROOT; };
		63C07C2716EE4DB9AE301071 /* GoogleService-Info.plist */ = {isa = PBXFileReference; explicitFileType = undefined; fileEncoding = 4; includeInIndex = 0; lastKnownFileType = text.plist.xml; path = "GoogleService-Info.plist"; sourceTree = "<group>"; };
		6491F499EE2C458B9E90D7EE /* Social.framework */ = {isa = PBXFileReference; explicitFileType = undefined; fileEncoding = 9; includeInIndex = 0; lastKnownFileType = wrapper.framework; name = Social.framework; path = System/Library/Frameworks/Social.framework; sourceTree = SDKROOT; };
		651FB1111EDA477F9508F5D1 /* CDVCamera.h */ = {isa = PBXFileReference; explicitFileType = undefined; fileEncoding = 4; includeInIndex = 0; lastKnownFileType = sourcecode.c.h; name = CDVCamera.h; path = "cordova-plugin-camera/CDVCamera.h"; sourceTree = "<group>"; };
		659A5A566B1044FC9F2C5031 /* CDVContactsPhoneNumbers.h */ = {isa = PBXFileReference; explicitFileType = undefined; fileEncoding = 4; includeInIndex = 0; lastKnownFileType = sourcecode.c.h; name = CDVContactsPhoneNumbers.h; path = "cordova-plugin-contacts-phonenumbers/CDVContactsPhoneNumbers.h"; sourceTree = "<group>"; };
		6AFF5BF81D6E424B00AB3073 /* CDVLaunchScreen.storyboard */ = {isa = PBXFileReference; fileEncoding = 4; lastKnownFileType = file.storyboard; name = CDVLaunchScreen.storyboard; path = "Planing 24/CDVLaunchScreen.storyboard"; sourceTree = SOURCE_ROOT; };
		76745F646E7B4BE780899C50 /* FirebasePluginMessageReceiver.m */ = {isa = PBXFileReference; explicitFileType = undefined; fileEncoding = 4; includeInIndex = 0; lastKnownFileType = sourcecode.c.objc; name = FirebasePluginMessageReceiver.m; path = "cordova-plugin-firebasex/FirebasePluginMessageReceiver.m"; sourceTree = "<group>"; };
		7F7674AFF4A54C24B3088AAE /* CDVRemoteInjectionWKWebViewDelegate.h */ = {isa = PBXFileReference; explicitFileType = undefined; fileEncoding = 4; includeInIndex = 0; lastKnownFileType = sourcecode.c.h; name = CDVRemoteInjectionWKWebViewDelegate.h; path = "cordova-plugin-remote-injection/CDVRemoteInjectionWKWebViewDelegate.h"; sourceTree = "<group>"; };
		7F85B2AFA8564EC09D831F94 /* AppDelegate+FirebasePlugin.m */ = {isa = PBXFileReference; explicitFileType = undefined; fileEncoding = 4; includeInIndex = 0; lastKnownFileType = sourcecode.c.objc; name = "AppDelegate+FirebasePlugin.m"; path = "cordova-plugin-firebasex/AppDelegate+FirebasePlugin.m"; sourceTree = "<group>"; };
		80C0DFE6350D44ADB33DC2A8 /* SocialSharing.m */ = {isa = PBXFileReference; explicitFileType = undefined; fileEncoding = 4; includeInIndex = 0; lastKnownFileType = sourcecode.c.objc; name = SocialSharing.m; path = "cordova-plugin-x-socialsharing/SocialSharing.m"; sourceTree = "<group>"; };
		83D78153700444F0923F3E3F /* OSAudioRecorder.bundle */ = {isa = PBXFileReference; explicitFileType = undefined; fileEncoding = 9; includeInIndex = 0; lastKnownFileType = "wrapper.plug-in"; path = OSAudioRecorder.bundle; sourceTree = "<group>"; };
		88976C6EFD5C47C09CA1C0D6 /* CDVJsInjection.h */ = {isa = PBXFileReference; explicitFileType = undefined; fileEncoding = 4; includeInIndex = 0; lastKnownFileType = sourcecode.c.h; name = CDVJsInjection.h; path = "cordova-plugin-jsinjection/CDVJsInjection.h"; sourceTree = "<group>"; };
		8C605D29C34A4B05AE9363C3 /* AudioRecorderVC.m */ = {isa = PBXFileReference; explicitFileType = undefined; fileEncoding = 4; includeInIndex = 0; lastKnownFileType = sourcecode.c.objc; name = AudioRecorderVC.m; path = "cordova-plugin-audio-recorder/AudioRecorderVC.m"; sourceTree = "<group>"; };
		8D1107310486CEB800E47090 /* Planing 24-Info.plist */ = {isa = PBXFileReference; fileEncoding = 4; lastKnownFileType = text.plist.xml; name = "Planing 24-Info.plist"; path = "Planing 24/Planing 24-Info.plist"; plistStructureDefinitionIdentifier = "com.apple.xcode.plist.structure-definition.iphone.info-plist"; sourceTree = SOURCE_ROOT; };
		8F6A1DCF626246FEA733EC11 /* CDVRemoteInjectionUIWebViewDelegate.m */ = {isa = PBXFileReference; explicitFileType = undefined; fileEncoding = 4; includeInIndex = 0; lastKnownFileType = sourcecode.c.objc; name = CDVRemoteInjectionUIWebViewDelegate.m; path = "cordova-plugin-remote-injection/CDVRemoteInjectionUIWebViewDelegate.m"; sourceTree = "<group>"; };
		9694C4D12ED84391A12E63E5 /* CDVRemoteInjectionWebViewBaseDelegate.m */ = {isa = PBXFileReference; explicitFileType = undefined; fileEncoding = 4; includeInIndex = 0; lastKnownFileType = sourcecode.c.objc; name = CDVRemoteInjectionWebViewBaseDelegate.m; path = "cordova-plugin-remote-injection/CDVRemoteInjectionWebViewBaseDelegate.m"; sourceTree = "<group>"; };
		A2118E123E664AA3BDC92027 /* CDVStatusBar.h */ = {isa = PBXFileReference; explicitFileType = undefined; fileEncoding = 4; includeInIndex = 0; lastKnownFileType = sourcecode.c.h; name = CDVStatusBar.h; path = "cordova-plugin-statusbar/CDVStatusBar.h"; sourceTree = "<group>"; };
		A6EF7574DB2644808000BF6E /* UIImage+CropScaleOrientation.m */ = {isa = PBXFileReference; explicitFileType = undefined; fileEncoding = 4; includeInIndex = 0; lastKnownFileType = sourcecode.c.objc; name = "UIImage+CropScaleOrientation.m"; path = "cordova-plugin-camera/UIImage+CropScaleOrientation.m"; sourceTree = "<group>"; };
		AF58137B4D76CAE5E15D2330 /* Pods-Planing 24.debug.xcconfig */ = {isa = PBXFileReference; includeInIndex = 1; lastKnownFileType = text.xcconfig; name = "Pods-Planing 24.debug.xcconfig"; path = "Target Support Files/Pods-Planing 24/Pods-Planing 24.debug.xcconfig"; sourceTree = "<group>"; };
		B56ADBC1C9764C02B314D672 /* CDVContactsPhoneNumbers.m */ = {isa = PBXFileReference; explicitFileType = undefined; fileEncoding = 4; includeInIndex = 0; lastKnownFileType = sourcecode.c.objc; name = CDVContactsPhoneNumbers.m; path = "cordova-plugin-contacts-phonenumbers/CDVContactsPhoneNumbers.m"; sourceTree = "<group>"; };
		BCD45CBAA79C4B29874F707B /* CDVReachability.h */ = {isa = PBXFileReference; explicitFileType = undefined; fileEncoding = 4; includeInIndex = 0; lastKnownFileType = sourcecode.c.h; name = CDVReachability.h; path = "cordova-plugin-network-information/CDVReachability.h"; sourceTree = "<group>"; };
		C2A20C21FEDC4BE1B90EF3AE /* CDVBarcodeScanner.mm */ = {isa = PBXFileReference; explicitFileType = undefined; fileEncoding = 9; includeInIndex = 0; lastKnownFileType = unknown; name = CDVBarcodeScanner.mm; path = "cordova-plugin-qr-barcode-scanner/CDVBarcodeScanner.mm"; sourceTree = "<group>"; };
		C40B662958034EEDBB8893DF /* scannerOverlay.xib */ = {isa = PBXFileReference; explicitFileType = undefined; fileEncoding = 9; includeInIndex = 0; lastKnownFileType = file.xib; path = scannerOverlay.xib; sourceTree = "<group>"; };
		C70D97F854144005B4BC93DB /* SystemConfiguration.framework */ = {isa = PBXFileReference; explicitFileType = undefined; fileEncoding = 9; includeInIndex = 0; lastKnownFileType = wrapper.framework; name = SystemConfiguration.framework; path = System/Library/Frameworks/SystemConfiguration.framework; sourceTree = SDKROOT; };
		C79487BE0DA741168BEF99D5 /* CDVJsInjection.m */ = {isa = PBXFileReference; explicitFileType = undefined; fileEncoding = 4; includeInIndex = 0; lastKnownFileType = sourcecode.c.objc; name = CDVJsInjection.m; path = "cordova-plugin-jsinjection/CDVJsInjection.m"; sourceTree = "<group>"; };
		CAB8115DCCB94D349AE15C00 /* CDVRemoteInjectionUIWebViewDelegate.h */ = {isa = PBXFileReference; explicitFileType = undefined; fileEncoding = 4; includeInIndex = 0; lastKnownFileType = sourcecode.c.h; name = CDVRemoteInjectionUIWebViewDelegate.h; path = "cordova-plugin-remote-injection/CDVRemoteInjectionUIWebViewDelegate.h"; sourceTree = "<group>"; };
		CCA833BF0FAC43B59943E705 /* NSString+SSURLEncoding.h */ = {isa = PBXFileReference; explicitFileType = undefined; fileEncoding = 4; includeInIndex = 0; lastKnownFileType = sourcecode.c.h; name = "NSString+SSURLEncoding.h"; path = "cordova-plugin-x-socialsharing/NSString+SSURLEncoding.h"; sourceTree = "<group>"; };
		CF0C22ED4D5246CE96834B72 /* FirebasePlugin.h */ = {isa = PBXFileReference; explicitFileType = undefined; fileEncoding = 4; includeInIndex = 0; lastKnownFileType = sourcecode.c.h; name = FirebasePlugin.h; path = "cordova-plugin-firebasex/FirebasePlugin.h"; sourceTree = "<group>"; };
		D31054260BAD418B83917DFF /* WebKit.framework */ = {isa = PBXFileReference; explicitFileType = undefined; fileEncoding = 9; includeInIndex = 0; lastKnownFileType = wrapper.framework; name = WebKit.framework; path = System/Library/Frameworks/WebKit.framework; sourceTree = SDKROOT; };
		D6151D0094534591BB616CC5 /* CDVCamera.m */ = {isa = PBXFileReference; explicitFileType = undefined; fileEncoding = 4; includeInIndex = 0; lastKnownFileType = sourcecode.c.objc; name = CDVCamera.m; path = "cordova-plugin-camera/CDVCamera.m"; sourceTree = "<group>"; };
		D9683268896B4931AEE9011F /* ImageIO.framework */ = {isa = PBXFileReference; explicitFileType = undefined; fileEncoding = 9; includeInIndex = 0; lastKnownFileType = wrapper.framework; name = ImageIO.framework; path = System/Library/Frameworks/ImageIO.framework; sourceTree = SDKROOT; };
		E00938ECE4124DEE8B036D6C /* AddressBookUI.framework */ = {isa = PBXFileReference; explicitFileType = undefined; fileEncoding = 9; includeInIndex = 0; lastKnownFileType = wrapper.framework; name = AddressBookUI.framework; path = System/Library/Frameworks/AddressBookUI.framework; sourceTree = SDKROOT; };
		EA8A740BD3B74F9BAECE663D /* FirebasePluginMessageReceiverManager.h */ = {isa = PBXFileReference; explicitFileType = undefined; fileEncoding = 4; includeInIndex = 0; lastKnownFileType = sourcecode.c.h; name = FirebasePluginMessageReceiverManager.h; path = "cordova-plugin-firebasex/FirebasePluginMessageReceiverManager.h"; sourceTree = "<group>"; };
		EB87FDF31871DA8E0020F90C /* www */ = {isa = PBXFileReference; lastKnownFileType = folder; name = www; path = ../../www; sourceTree = "<group>"; };
		EB87FDF41871DAF40020F90C /* config.xml */ = {isa = PBXFileReference; lastKnownFileType = text.xml; name = config.xml; path = ../../config.xml; sourceTree = "<group>"; };
		ED15973A5508039F2D140D8C /* Pods-Planing 24.release.xcconfig */ = {isa = PBXFileReference; includeInIndex = 1; lastKnownFileType = text.xcconfig; name = "Pods-Planing 24.release.xcconfig"; path = "Target Support Files/Pods-Planing 24/Pods-Planing 24.release.xcconfig"; sourceTree = "<group>"; };
		ED33DF2A687741AEAF9F8254 /* Bridging-Header.h */ = {isa = PBXFileReference; fileEncoding = 4; lastKnownFileType = sourcecode.c.h; path = "Bridging-Header.h"; sourceTree = "<group>"; };
		EE2C2B8687EB4ED9B5ABD4D9 /* FirebasePluginMessageReceiver.h */ = {isa = PBXFileReference; explicitFileType = undefined; fileEncoding = 4; includeInIndex = 0; lastKnownFileType = sourcecode.c.h; name = FirebasePluginMessageReceiver.h; path = "cordova-plugin-firebasex/FirebasePluginMessageReceiver.h"; sourceTree = "<group>"; };
		EF9A975D82CAF94E7FA14F07 /* Pods_Planing_24.framework */ = {isa = PBXFileReference; explicitFileType = wrapper.framework; includeInIndex = 0; path = Pods_Planing_24.framework; sourceTree = BUILT_PRODUCTS_DIR; };
		F49C15CA737E4AD784901E31 /* CDVJpegHeaderWriter.h */ = {isa = PBXFileReference; explicitFileType = undefined; fileEncoding = 4; includeInIndex = 0; lastKnownFileType = sourcecode.c.h; name = CDVJpegHeaderWriter.h; path = "cordova-plugin-camera/CDVJpegHeaderWriter.h"; sourceTree = "<group>"; };
		F782D5C9BC56479ABE87987D /* AuthenticationServices.framework */ = {isa = PBXFileReference; explicitFileType = undefined; fileEncoding = 9; includeInIndex = 0; lastKnownFileType = wrapper.framework; name = AuthenticationServices.framework; path = System/Library/Frameworks/AuthenticationServices.framework; sourceTree = SDKROOT; };
		F840E1F0165FE0F500CFE078 /* config.xml */ = {isa = PBXFileReference; lastKnownFileType = text.xml; name = config.xml; path = "Planing 24/config.xml"; sourceTree = "<group>"; };
		CD18119AA7F147FBB82F2674 /* CDVFile.m */ = {isa = PBXFileReference; name = "CDVFile.m"; path = "cordova-plugin-file/CDVFile.m"; sourceTree = "<group>"; fileEncoding = 4; lastKnownFileType = sourcecode.c.objc; explicitFileType = undefined; includeInIndex = 0; };
		8B75AC015409435FB6597D52 /* CDVLocalFilesystem.m */ = {isa = PBXFileReference; name = "CDVLocalFilesystem.m"; path = "cordova-plugin-file/CDVLocalFilesystem.m"; sourceTree = "<group>"; fileEncoding = 4; lastKnownFileType = sourcecode.c.objc; explicitFileType = undefined; includeInIndex = 0; };
		A71E38413B194C99B8FC3B87 /* CDVAssetLibraryFilesystem.m */ = {isa = PBXFileReference; name = "CDVAssetLibraryFilesystem.m"; path = "cordova-plugin-file/CDVAssetLibraryFilesystem.m"; sourceTree = "<group>"; fileEncoding = 4; lastKnownFileType = sourcecode.c.objc; explicitFileType = undefined; includeInIndex = 0; };
		012CDFAEA2414C5AB295D1D9 /* CDVFile.h */ = {isa = PBXFileReference; name = "CDVFile.h"; path = "cordova-plugin-file/CDVFile.h"; sourceTree = "<group>"; fileEncoding = 4; lastKnownFileType = sourcecode.c.h; explicitFileType = undefined; includeInIndex = 0; };
		00D4681F69854E9699663CC1 /* CDVLocalFilesystem.h */ = {isa = PBXFileReference; name = "CDVLocalFilesystem.h"; path = "cordova-plugin-file/CDVLocalFilesystem.h"; sourceTree = "<group>"; fileEncoding = 4; lastKnownFileType = sourcecode.c.h; explicitFileType = undefined; includeInIndex = 0; };
		5B12678481A441C68CFFDAFE /* CDVAssetLibraryFilesystem.h */ = {isa = PBXFileReference; name = "CDVAssetLibraryFilesystem.h"; path = "cordova-plugin-file/CDVAssetLibraryFilesystem.h"; sourceTree = "<group>"; fileEncoding = 4; lastKnownFileType = sourcecode.c.h; explicitFileType = undefined; includeInIndex = 0; };
		4EA435CCD06A441685318333 /* CDVCapture.m */ = {isa = PBXFileReference; name = "CDVCapture.m"; path = "cordova-plugin-media-capture/CDVCapture.m"; sourceTree = "<group>"; fileEncoding = 4; lastKnownFileType = sourcecode.c.objc; explicitFileType = undefined; includeInIndex = 0; };
		DB2087E8D13D466DA19266DF /* CDVCapture.h */ = {isa = PBXFileReference; name = "CDVCapture.h"; path = "cordova-plugin-media-capture/CDVCapture.h"; sourceTree = "<group>"; fileEncoding = 4; lastKnownFileType = sourcecode.c.h; explicitFileType = undefined; includeInIndex = 0; };
		47EF42DEBF844809AAA1516A /* CDVCapture.bundle */ = {isa = PBXFileReference; name = "CDVCapture.bundle"; path = "CDVCapture.bundle"; sourceTree = "<group>"; fileEncoding = undefined; lastKnownFileType = wrapper.plug-in; explicitFileType = undefined; includeInIndex = 0; };
		16D813301CF44F2584ACC6B7 /* CDVFileTransfer.m */ = {isa = PBXFileReference; name = "CDVFileTransfer.m"; path = "cordova-plugin-file-transfer/CDVFileTransfer.m"; sourceTree = "<group>"; fileEncoding = 4; lastKnownFileType = sourcecode.c.objc; explicitFileType = undefined; includeInIndex = 0; };
		A9C15BF36D6846D581A69B6C /* CDVFileTransfer.h */ = {isa = PBXFileReference; name = "CDVFileTransfer.h"; path = "cordova-plugin-file-transfer/CDVFileTransfer.h"; sourceTree = "<group>"; fileEncoding = 4; lastKnownFileType = sourcecode.c.h; explicitFileType = undefined; includeInIndex = 0; };
/* End PBXFileReference section */

/* Begin PBXFrameworksBuildPhase section */
		1D60588F0D05DD3D006BFB54 /* Frameworks */ = {
			isa = PBXFrameworksBuildPhase;
			buildActionMask = 2147483647;
			files = (
				301BF552109A68D80062928A /* libCordova.a in Frameworks */,
				0CC2E27824F54A52AD6C8A20 /* ImageIO.framework in Frameworks */,
				90880091E8C7489EBCAAF766 /* CoreLocation.framework in Frameworks */,
				6E917E2143B840FA8B07C010 /* AVFoundation.framework in Frameworks */,
				E9062A136E044AB495EBCD44 /* AddressBook.framework in Frameworks */,
				224B0BA7DC124034876AB907 /* AddressBookUI.framework in Frameworks */,
				4222C87802824136B64879BE /* SystemConfiguration.framework in Frameworks */,
				78A64C1650444B4089FB45B6 /* CoreTelephony.framework in Frameworks */,
				55EE2FBC3120453B820CF891 /* WebKit.framework in Frameworks */,
				CB3AB6EEBDE44351A4EB91B1 /* AudioToolbox.framework in Frameworks */,
				DCF3AD464CCE46BABC74EA93 /* Social.framework in Frameworks */,
				D69DCA411DBD42B1A1AFF316 /* MessageUI.framework in Frameworks */,
				799402CA2C7F4DF79024E484 /* AuthenticationServices.framework in Frameworks */,
				8A915E9ACBEA25C0DBA3DBAE /* Pods_Planing_24.framework in Frameworks */,
			);
			runOnlyForDeploymentPostprocessing = 0;
		};
/* End PBXFrameworksBuildPhase section */

/* Begin PBXGroup section */
		080E96DDFE201D6D7F000001 /* Classes */ = {
			isa = PBXGroup;
			children = (
				302D95EE14D2391D003F00A1 /* MainViewController.h */,
				302D95EF14D2391D003F00A1 /* MainViewController.m */,
				302D95F014D2391D003F00A1 /* MainViewController.xib */,
				1D3623240D0F684500981E51 /* AppDelegate.h */,
				1D3623250D0F684500981E51 /* AppDelegate.m */,
			);
			name = Classes;
			path = "Planing 24/Classes";
			sourceTree = SOURCE_ROOT;
		};
		19C28FACFE9D520D11CA2CBB /* Products */ = {
			isa = PBXGroup;
			children = (
				1D6058910D05DD3D006BFB54 /* Planing 24.app */,
			);
			name = Products;
			sourceTree = "<group>";
		};
		29B97314FDCFA39411CA2CEA /* CustomTemplate */ = {
			isa = PBXGroup;
			children = (
				EB87FDF41871DAF40020F90C /* config.xml */,
				EB87FDF31871DA8E0020F90C /* www */,
				EB87FDF11871DA420020F90C /* Staging */,
				301BF52D109A57CC0062928A /* CordovaLib.xcodeproj */,
				080E96DDFE201D6D7F000001 /* Classes */,
				307C750510C5A3420062BCA9 /* Plugins */,
				29B97315FDCFA39411CA2CEA /* Other Sources */,
				29B97317FDCFA39411CA2CEA /* Resources */,
				29B97323FDCFA39411CA2CEA /* Frameworks */,
				19C28FACFE9D520D11CA2CBB /* Products */,
				99BA0255EECEC9A9817F340B /* Pods */,
			);
			name = CustomTemplate;
			sourceTree = "<group>";
		};
		29B97315FDCFA39411CA2CEA /* Other Sources */ = {
			isa = PBXGroup;
			children = (
				32CA4F630368D1EE00C91783 /* Planing 24-Prefix.pch */,
				29B97316FDCFA39411CA2CEA /* main.m */,
				ED33DF2A687741AEAF9F8254 /* Bridging-Header.h */,
			);
			name = "Other Sources";
			path = "Planing 24";
			sourceTree = "<group>";
		};
		29B97317FDCFA39411CA2CEA /* Resources */ = {
			isa = PBXGroup;
			children = (
				0207DA571B56EA530066E2B4 /* Images.xcassets */,
				3047A50E1AB8057F00498E2A /* config */,
				8D1107310486CEB800E47090 /* Planing 24-Info.plist */,
				6AFF5BF81D6E424B00AB3073 /* CDVLaunchScreen.storyboard */,
				83D78153700444F0923F3E3F /* OSAudioRecorder.bundle */,
				C40B662958034EEDBB8893DF /* scannerOverlay.xib */,
				1697D958B5D94B78A7293549 /* CDVBarcodeScanner.bundle */,
				63C07C2716EE4DB9AE301071 /* GoogleService-Info.plist */,
				47EF42DEBF844809AAA1516A /* CDVCapture.bundle */,
			);
			name = Resources;
			path = "Planing 24/Resources";
			sourceTree = "<group>";
		};
		29B97323FDCFA39411CA2CEA /* Frameworks */ = {
			isa = PBXGroup;
			children = (
				D9683268896B4931AEE9011F /* ImageIO.framework */,
				1BD5952CD57645ACAB2395ED /* CoreLocation.framework */,
				5E16937983654C129320176B /* AVFoundation.framework */,
				48150128F7F04B8BA39D4C6B /* AddressBook.framework */,
				E00938ECE4124DEE8B036D6C /* AddressBookUI.framework */,
				C70D97F854144005B4BC93DB /* SystemConfiguration.framework */,
				1D623A5B8F074E5DA4D4E1DF /* CoreTelephony.framework */,
				D31054260BAD418B83917DFF /* WebKit.framework */,
				50DD856C7C5D4E7FB311A04A /* AudioToolbox.framework */,
				6491F499EE2C458B9E90D7EE /* Social.framework */,
				6129DE869ACA44F59BA4FF9B /* MessageUI.framework */,
				F782D5C9BC56479ABE87987D /* AuthenticationServices.framework */,
				EF9A975D82CAF94E7FA14F07 /* Pods_Planing_24.framework */,
			);
			name = Frameworks;
			sourceTree = "<group>";
		};
		301BF52E109A57CC0062928A /* Products */ = {
			isa = PBXGroup;
			children = (
				301BF535109A57CC0062928A /* libCordova.a */,
				907D8124214C687600058A10 /* Cordova.framework */,
			);
			name = Products;
			sourceTree = "<group>";
		};
		3047A50E1AB8057F00498E2A /* config */ = {
			isa = PBXGroup;
			children = (
				3047A50F1AB8059700498E2A /* build-debug.xcconfig */,
				3047A5101AB8059700498E2A /* build-release.xcconfig */,
				3047A5111AB8059700498E2A /* build.xcconfig */,
			);
			name = config;
			sourceTree = "<group>";
		};
		307C750510C5A3420062BCA9 /* Plugins */ = {
			isa = PBXGroup;
			children = (
				5300E1CEC8664A6CA454865A /* AudioRecorderPlugin.m */,
				8C605D29C34A4B05AE9363C3 /* AudioRecorderVC.m */,
				0767689BD5E74071BECEE4CB /* AudioRecorderPlugin.h */,
				12549A661BDD4B77AF9858DC /* AudioRecorderVC.h */,
				A6EF7574DB2644808000BF6E /* UIImage+CropScaleOrientation.m */,
				D6151D0094534591BB616CC5 /* CDVCamera.m */,
				0E4F7F1CD7664A90B078363B /* CDVJpegHeaderWriter.m */,
				4E5772AF87254C9B97232E8F /* UIImage+CropScaleOrientation.h */,
				651FB1111EDA477F9508F5D1 /* CDVCamera.h */,
				F49C15CA737E4AD784901E31 /* CDVJpegHeaderWriter.h */,
				5EF35A2EA66943F4AD256261 /* CDVExif.h */,
				B56ADBC1C9764C02B314D672 /* CDVContactsPhoneNumbers.m */,
				659A5A566B1044FC9F2C5031 /* CDVContactsPhoneNumbers.h */,
				54CA6232BDBB4A81980E405D /* CDVConnection.m */,
				19859C1055284C6B87172DAA /* CDVReachability.m */,
				4AFD05E8DFC541E68817533C /* CDVConnection.h */,
				BCD45CBAA79C4B29874F707B /* CDVReachability.h */,
				C79487BE0DA741168BEF99D5 /* CDVJsInjection.m */,
				88976C6EFD5C47C09CA1C0D6 /* CDVJsInjection.h */,
				C2A20C21FEDC4BE1B90EF3AE /* CDVBarcodeScanner.mm */,
				0FE2BB85C72544C8AD51EC8E /* CDVRemoteInjection.m */,
				9694C4D12ED84391A12E63E5 /* CDVRemoteInjectionWebViewBaseDelegate.m */,
				8F6A1DCF626246FEA733EC11 /* CDVRemoteInjectionUIWebViewDelegate.m */,
				4BA811383E0942FE9623CA8A /* CDVRemoteInjectionWKWebViewDelegate.m */,
				44E66FEE1F9745EB9281E43A /* CDVRemoteInjection.h */,
				0CBB75A1658A40529BEA4297 /* CDVRemoteInjectionWebViewBaseDelegate.h */,
				CAB8115DCCB94D349AE15C00 /* CDVRemoteInjectionUIWebViewDelegate.h */,
				7F7674AFF4A54C24B3088AAE /* CDVRemoteInjectionWKWebViewDelegate.h */,
				543BA7C7FF7E491BB89442FF /* CDVStatusBar.m */,
				A2118E123E664AA3BDC92027 /* CDVStatusBar.h */,
				52EE2B78165E4ED2B8D33A5D /* NSString+SSURLEncoding.m */,
				80C0DFE6350D44ADB33DC2A8 /* SocialSharing.m */,
				CCA833BF0FAC43B59943E705 /* NSString+SSURLEncoding.h */,
				12458D9CC70F4BABA4722D27 /* SocialSharing.h */,
				7F85B2AFA8564EC09D831F94 /* AppDelegate+FirebasePlugin.m */,
				09A3815885E7435E9A414644 /* FirebasePlugin.m */,
				76745F646E7B4BE780899C50 /* FirebasePluginMessageReceiver.m */,
				44013D1C40F2457A8FBFD07D /* FirebasePluginMessageReceiverManager.m */,
				28D7600688A442828E75F72C /* AppDelegate+FirebasePlugin.h */,
				CF0C22ED4D5246CE96834B72 /* FirebasePlugin.h */,
				EE2C2B8687EB4ED9B5ABD4D9 /* FirebasePluginMessageReceiver.h */,
				EA8A740BD3B74F9BAECE663D /* FirebasePluginMessageReceiverManager.h */,
				CD18119AA7F147FBB82F2674 /* CDVFile.m */,
				8B75AC015409435FB6597D52 /* CDVLocalFilesystem.m */,
				A71E38413B194C99B8FC3B87 /* CDVAssetLibraryFilesystem.m */,
				012CDFAEA2414C5AB295D1D9 /* CDVFile.h */,
				00D4681F69854E9699663CC1 /* CDVLocalFilesystem.h */,
				5B12678481A441C68CFFDAFE /* CDVAssetLibraryFilesystem.h */,
				4EA435CCD06A441685318333 /* CDVCapture.m */,
				DB2087E8D13D466DA19266DF /* CDVCapture.h */,
				16D813301CF44F2584ACC6B7 /* CDVFileTransfer.m */,
				A9C15BF36D6846D581A69B6C /* CDVFileTransfer.h */,
			);
			name = Plugins;
			path = "Planing 24/Plugins";
			sourceTree = SOURCE_ROOT;
		};
		99BA0255EECEC9A9817F340B /* Pods */ = {
			isa = PBXGroup;
			children = (
				AF58137B4D76CAE5E15D2330 /* Pods-Planing 24.debug.xcconfig */,
				ED15973A5508039F2D140D8C /* Pods-Planing 24.release.xcconfig */,
			);
			path = Pods;
			sourceTree = "<group>";
		};
		EB87FDF11871DA420020F90C /* Staging */ = {
			isa = PBXGroup;
			children = (
				F840E1F0165FE0F500CFE078 /* config.xml */,
				301BF56E109A69640062928A /* www */,
			);
			name = Staging;
			sourceTree = "<group>";
		};
/* End PBXGroup section */

/* Begin PBXNativeTarget section */
		1D6058900D05DD3D006BFB54 /* Planing 24 */ = {
			isa = PBXNativeTarget;
			buildConfigurationList = 1D6058960D05DD3E006BFB54 /* Build configuration list for PBXNativeTarget "Planing 24" */;
			buildPhases = (
				4988C23A79C2E5811B9CE89B /* [CP] Check Pods Manifest.lock */,
				304B58A110DAC018002A0835 /* Copy www directory */,
				1D60588D0D05DD3D006BFB54 /* Resources */,
				1D60588E0D05DD3D006BFB54 /* Sources */,
				1D60588F0D05DD3D006BFB54 /* Frameworks */,
				D063F86A482046A9867D6A2A /* Crashlytics */,
				59719F387D4CEC23FDDB4149 /* [CP] Embed Pods Frameworks */,
				DD3A68F22FA179BEB00A7013 /* [CP] Copy Pods Resources */,
			);
			buildRules = (
			);
			dependencies = (
				301BF551109A68C00062928A /* PBXTargetDependency */,
			);
			name = "Planing 24";
			productName = "Planing 24";
			productReference = 1D6058910D05DD3D006BFB54 /* Planing 24.app */;
			productType = "com.apple.product-type.application";
		};
/* End PBXNativeTarget section */

/* Begin PBXProject section */
		29B97313FDCFA39411CA2CEA /* Project object */ = {
			isa = PBXProject;
			attributes = {
				LastUpgradeCheck = 1130;
				TargetAttributes = {
					1D6058900D05DD3D006BFB54 = {
						ProvisioningStyle = Automatic;
					};
				};
			};
			buildConfigurationList = C01FCF4E08A954540054247B /* Build configuration list for PBXProject "Planing 24" */;
			compatibilityVersion = "Xcode 11.0";
			developmentRegion = en;
			hasScannedForEncodings = 1;
			knownRegions = (
				en,
				Base,
			);
			mainGroup = 29B97314FDCFA39411CA2CEA /* CustomTemplate */;
			productRefGroup = 19C28FACFE9D520D11CA2CBB /* Products */;
			projectDirPath = "";
			projectReferences = (
				{
					ProductGroup = 301BF52E109A57CC0062928A /* Products */;
					ProjectRef = 301BF52D109A57CC0062928A /* CordovaLib.xcodeproj */;
				},
			);
			projectRoot = "";
			targets = (
				1D6058900D05DD3D006BFB54 /* Planing 24 */,
			);
		};
/* End PBXProject section */

/* Begin PBXReferenceProxy section */
		301BF535109A57CC0062928A /* libCordova.a */ = {
			isa = PBXReferenceProxy;
			fileType = archive.ar;
			path = libCordova.a;
			remoteRef = 301BF534109A57CC0062928A /* PBXContainerItemProxy */;
			sourceTree = BUILT_PRODUCTS_DIR;
		};
		907D8124214C687600058A10 /* Cordova.framework */ = {
			isa = PBXReferenceProxy;
			fileType = wrapper.framework;
			path = Cordova.framework;
			remoteRef = 907D8123214C687600058A10 /* PBXContainerItemProxy */;
			sourceTree = BUILT_PRODUCTS_DIR;
		};
/* End PBXReferenceProxy section */

/* Begin PBXResourcesBuildPhase section */
		1D60588D0D05DD3D006BFB54 /* Resources */ = {
			isa = PBXResourcesBuildPhase;
			buildActionMask = 2147483647;
			files = (
				302D95F214D2391D003F00A1 /* MainViewController.xib in Resources */,
				0207DA581B56EA530066E2B4 /* Images.xcassets in Resources */,
				6AFF5BF91D6E424B00AB3073 /* CDVLaunchScreen.storyboard in Resources */,
				55BADB3709BA4D888A1FBC94 /* OSAudioRecorder.bundle in Resources */,
				42B254C0A55941FF932593CC /* scannerOverlay.xib in Resources */,
				EE9C35BEF9CE4CA2B47762BF /* CDVBarcodeScanner.bundle in Resources */,
				0F3BE070407F4C509D909E29 /* GoogleService-Info.plist in Resources */,
				14BF02ABFA034C858C8D2559 /* CDVCapture.bundle in Resources */,
			);
			runOnlyForDeploymentPostprocessing = 0;
		};
/* End PBXResourcesBuildPhase section */

/* Begin PBXShellScriptBuildPhase section */
		304B58A110DAC018002A0835 /* Copy www directory */ = {
			isa = PBXShellScriptBuildPhase;
			buildActionMask = 2147483647;
			files = (
			);
			inputPaths = (
			);
			name = "Copy www directory";
			outputPaths = (
			);
			runOnlyForDeploymentPostprocessing = 0;
			shellPath = /bin/sh;
			shellScript = "\"$SRCROOT/Planing 24/Scripts/copy-www-build-step.sh\"";
			showEnvVarsInLog = 0;
		};
		4988C23A79C2E5811B9CE89B /* [CP] Check Pods Manifest.lock */ = {
			isa = PBXShellScriptBuildPhase;
			buildActionMask = 2147483647;
			files = (
			);
			inputFileListPaths = (
			);
			inputPaths = (
				"${PODS_PODFILE_DIR_PATH}/Podfile.lock",
				"${PODS_ROOT}/Manifest.lock",
			);
			name = "[CP] Check Pods Manifest.lock";
			outputFileListPaths = (
			);
			outputPaths = (
				"$(DERIVED_FILE_DIR)/Pods-Planing 24-checkManifestLockResult.txt",
			);
			runOnlyForDeploymentPostprocessing = 0;
			shellPath = /bin/sh;
			shellScript = "diff \"${PODS_PODFILE_DIR_PATH}/Podfile.lock\" \"${PODS_ROOT}/Manifest.lock\" > /dev/null\nif [ $? != 0 ] ; then\n    # print error to STDERR\n    echo \"error: The sandbox is not in sync with the Podfile.lock. Run 'pod install' or update your CocoaPods installation.\" >&2\n    exit 1\nfi\n# This output is used by Xcode 'outputs' to avoid re-running this script phase.\necho \"SUCCESS\" > \"${SCRIPT_OUTPUT_FILE_0}\"\n";
			showEnvVarsInLog = 0;
		};
		59719F387D4CEC23FDDB4149 /* [CP] Embed Pods Frameworks */ = {
			isa = PBXShellScriptBuildPhase;
			buildActionMask = 2147483647;
			files = (
			);
			inputFileListPaths = (
				"${PODS_ROOT}/Target Support Files/Pods-Planing 24/Pods-Planing 24-frameworks-${CONFIGURATION}-input-files.xcfilelist",
			);
			name = "[CP] Embed Pods Frameworks";
			outputFileListPaths = (
				"${PODS_ROOT}/Target Support Files/Pods-Planing 24/Pods-Planing 24-frameworks-${CONFIGURATION}-output-files.xcfilelist",
			);
			runOnlyForDeploymentPostprocessing = 0;
			shellPath = /bin/sh;
			shellScript = "\"${PODS_ROOT}/Target Support Files/Pods-Planing 24/Pods-Planing 24-frameworks.sh\"\n";
			showEnvVarsInLog = 0;
		};
		D063F86A482046A9867D6A2A /* Crashlytics */ = {
			isa = PBXShellScriptBuildPhase;
			buildActionMask = 2147483647;
			files = (
			);
			inputPaths = (
				"$(BUILT_PRODUCTS_DIR)/$(INFOPLIST_PATH)",
			);
			name = Crashlytics;
			outputPaths = (
			);
			runOnlyForDeploymentPostprocessing = 0;
			shellPath = /bin/sh;
			shellScript = "\"${PODS_ROOT}/FirebaseCrashlytics/run\"";
			showEnvVarsInLog = 0;
		};
		DD3A68F22FA179BEB00A7013 /* [CP] Copy Pods Resources */ = {
			isa = PBXShellScriptBuildPhase;
			buildActionMask = 2147483647;
			files = (
			);
			inputFileListPaths = (
				"${PODS_ROOT}/Target Support Files/Pods-Planing 24/Pods-Planing 24-resources-${CONFIGURATION}-input-files.xcfilelist",
			);
			name = "[CP] Copy Pods Resources";
			outputFileListPaths = (
				"${PODS_ROOT}/Target Support Files/Pods-Planing 24/Pods-Planing 24-resources-${CONFIGURATION}-output-files.xcfilelist",
			);
			runOnlyForDeploymentPostprocessing = 0;
			shellPath = /bin/sh;
			shellScript = "\"${PODS_ROOT}/Target Support Files/Pods-Planing 24/Pods-Planing 24-resources.sh\"\n";
			showEnvVarsInLog = 0;
		};
/* End PBXShellScriptBuildPhase section */

/* Begin PBXSourcesBuildPhase section */
		1D60588E0D05DD3D006BFB54 /* Sources */ = {
			isa = PBXSourcesBuildPhase;
			buildActionMask = 2147483647;
			files = (
				1D60589B0D05DD56006BFB54 /* main.m in Sources */,
				1D3623260D0F684500981E51 /* AppDelegate.m in Sources */,
				302D95F114D2391D003F00A1 /* MainViewController.m in Sources */,
				523907A462B04F97B546B83D /* AudioRecorderPlugin.m in Sources */,
				B3310CBCFF4A43C3A62D7C22 /* AudioRecorderVC.m in Sources */,
				8C46BBB548A847F0B39ADF91 /* UIImage+CropScaleOrientation.m in Sources */,
				75F7AF6F444047639529E552 /* CDVCamera.m in Sources */,
				798DE17A328945F98B6D8594 /* CDVJpegHeaderWriter.m in Sources */,
				DDC4E28386C3463ABD3253F4 /* CDVContactsPhoneNumbers.m in Sources */,
				2025DE6A36C749C29CCF8342 /* CDVConnection.m in Sources */,
				4D42ED0233BE4022B62490CF /* CDVReachability.m in Sources */,
				236521A3FDD5468395C163F5 /* CDVJsInjection.m in Sources */,
				1527C47F981D4434A6B48303 /* CDVBarcodeScanner.mm in Sources */,
				7F65FC3753C1499AA927585A /* CDVRemoteInjection.m in Sources */,
				9ED73417FBD6455DABD379D9 /* CDVRemoteInjectionWebViewBaseDelegate.m in Sources */,
				359BD2592D54403C86D3EE30 /* CDVRemoteInjectionUIWebViewDelegate.m in Sources */,
				D2D1E96A6A18409D9E425528 /* CDVRemoteInjectionWKWebViewDelegate.m in Sources */,
				01FCC6E3E16046A68BB35E88 /* CDVStatusBar.m in Sources */,
				F227E19C92CC46FC91548B5A /* NSString+SSURLEncoding.m in Sources */,
				128370FFD4404807B5D6A8C9 /* SocialSharing.m in Sources */,
				AFEE6392D4E24A4BA4B27EAA /* AppDelegate+FirebasePlugin.m in Sources */,
				905D29F260174FB29952ECE6 /* FirebasePlugin.m in Sources */,
				8E76801A45AB49689A91DB0F /* FirebasePluginMessageReceiver.m in Sources */,
				6FC245F2380C426298E425FC /* FirebasePluginMessageReceiverManager.m in Sources */,
				5DE8918F90CA4BB9ACBA0ECD /* CDVFile.m in Sources */,
				755D8A262B7C49ABACEC146B /* CDVLocalFilesystem.m in Sources */,
				7C96CDD1491247A4AC2280DA /* CDVAssetLibraryFilesystem.m in Sources */,
				A43F931125DC490B98CAD8FA /* CDVCapture.m in Sources */,
				AE63ECF729AD4D45BEB77A91 /* CDVFileTransfer.m in Sources */,
			);
			runOnlyForDeploymentPostprocessing = 0;
		};
/* End PBXSourcesBuildPhase section */

/* Begin PBXTargetDependency section */
		301BF551109A68C00062928A /* PBXTargetDependency */ = {
			isa = PBXTargetDependency;
			name = CordovaLib;
			targetProxy = 301BF550109A68C00062928A /* PBXContainerItemProxy */;
		};
/* End PBXTargetDependency section */

/* Begin XCBuildConfiguration section */
		1D6058940D05DD3E006BFB54 /* Debug */ = {
			isa = XCBuildConfiguration;
			baseConfigurationReference = 3047A50F1AB8059700498E2A /* build-debug.xcconfig */;
			buildSettings = {
				ALWAYS_EMBED_SWIFT_STANDARD_LIBRARIES = YES;
				ALWAYS_SEARCH_USER_PATHS = NO;
				ASSETCATALOG_COMPILER_APPICON_NAME = AppIcon;
				CLANG_ENABLE_MODULES = YES;
				CLANG_ENABLE_OBJC_ARC = YES;
				COPY_PHASE_STRIP = NO;
				DEVELOPMENT_TEAM = 7U4NYVNG86;
				GCC_DYNAMIC_NO_PIC = NO;
				GCC_OPTIMIZATION_LEVEL = 0;
				GCC_PRECOMPILE_PREFIX_HEADER = YES;
				GCC_PREFIX_HEADER = "Planing 24/Planing 24-Prefix.pch";
				GCC_THUMB_SUPPORT = NO;
				GCC_VERSION = "";
				INFOPLIST_FILE = "Planing 24/Planing 24-Info.plist";
				IPHONEOS_DEPLOYMENT_TARGET = 11.0;
				LD_RUNPATH_SEARCH_PATHS = "@executable_path/Frameworks";
				PRODUCT_BUNDLE_IDENTIFIER = com.planing24.mobile;
				PRODUCT_NAME = "$(TARGET_NAME)";
				SWIFT_OBJC_BRIDGING_HEADER = "$(PROJECT_DIR)/$(PROJECT_NAME)/Bridging-Header.h";
				SWIFT_OPTIMIZATION_LEVEL = "-Onone";
				SWIFT_VERSION = 4.0;
				TARGETED_DEVICE_FAMILY = "1,2";
			};
			name = Debug;
		};
		1D6058950D05DD3E006BFB54 /* Release */ = {
			isa = XCBuildConfiguration;
			baseConfigurationReference = 3047A5101AB8059700498E2A /* build-release.xcconfig */;
			buildSettings = {
				ALWAYS_EMBED_SWIFT_STANDARD_LIBRARIES = YES;
				ALWAYS_SEARCH_USER_PATHS = NO;
				ASSETCATALOG_COMPILER_APPICON_NAME = AppIcon;
				CLANG_ENABLE_MODULES = YES;
				CLANG_ENABLE_OBJC_ARC = YES;
				COPY_PHASE_STRIP = YES;
				GCC_PRECOMPILE_PREFIX_HEADER = YES;
				GCC_PREFIX_HEADER = "Planing 24/Planing 24-Prefix.pch";
				GCC_THUMB_SUPPORT = NO;
				GCC_VERSION = "";
				INFOPLIST_FILE = "Planing 24/Planing 24-Info.plist";
				IPHONEOS_DEPLOYMENT_TARGET = 11.0;
				LD_RUNPATH_SEARCH_PATHS = "@executable_path/Frameworks";
				PRODUCT_BUNDLE_IDENTIFIER = com.planing24.mobile;
				PRODUCT_NAME = "$(TARGET_NAME)";
				SWIFT_OBJC_BRIDGING_HEADER = "$(PROJECT_DIR)/$(PROJECT_NAME)/Bridging-Header.h";
				SWIFT_VERSION = 4.0;
				TARGETED_DEVICE_FAMILY = "1,2";
			};
			name = Release;
		};
		C01FCF4F08A954540054247B /* Debug */ = {
			isa = XCBuildConfiguration;
			baseConfigurationReference = 3047A5111AB8059700498E2A /* build.xcconfig */;
			buildSettings = {
				ALWAYS_EMBED_SWIFT_STANDARD_LIBRARIES = YES;
				CLANG_ANALYZER_LOCALIZABILITY_NONLOCALIZED = YES;
				CLANG_ENABLE_MODULES = YES;
				CLANG_ENABLE_OBJC_ARC = YES;
				CLANG_WARN_BLOCK_CAPTURE_AUTORELEASING = YES;
				CLANG_WARN_BOOL_CONVERSION = YES;
				CLANG_WARN_COMMA = YES;
				CLANG_WARN_CONSTANT_CONVERSION = YES;
				CLANG_WARN_DEPRECATED_OBJC_IMPLEMENTATIONS = YES;
				CLANG_WARN_EMPTY_BODY = YES;
				CLANG_WARN_ENUM_CONVERSION = YES;
				CLANG_WARN_INFINITE_RECURSION = YES;
				CLANG_WARN_INT_CONVERSION = YES;
				CLANG_WARN_NON_LITERAL_NULL_CONVERSION = YES;
				CLANG_WARN_OBJC_IMPLICIT_RETAIN_SELF = YES;
				CLANG_WARN_OBJC_LITERAL_CONVERSION = YES;
				CLANG_WARN_RANGE_LOOP_ANALYSIS = YES;
				CLANG_WARN_STRICT_PROTOTYPES = YES;
				CLANG_WARN_SUSPICIOUS_MOVE = YES;
				CLANG_WARN_UNREACHABLE_CODE = YES;
				CLANG_WARN__DUPLICATE_METHOD_MATCH = YES;
				ENABLE_STRICT_OBJC_MSGSEND = YES;
				ENABLE_TESTABILITY = YES;
				GCC_C_LANGUAGE_STANDARD = c99;
				GCC_NO_COMMON_BLOCKS = YES;
				GCC_THUMB_SUPPORT = NO;
				GCC_VERSION = "";
				GCC_WARN_64_TO_32_BIT_CONVERSION = YES;
				GCC_WARN_ABOUT_RETURN_TYPE = YES;
				GCC_WARN_UNDECLARED_SELECTOR = YES;
				GCC_WARN_UNINITIALIZED_AUTOS = YES;
				GCC_WARN_UNUSED_FUNCTION = YES;
				GCC_WARN_UNUSED_VARIABLE = YES;
				LD_RUNPATH_SEARCH_PATHS = "@executable_path/Frameworks";
				ONLY_ACTIVE_ARCH = YES;
				SDKROOT = iphoneos;
				SKIP_INSTALL = NO;
				SWIFT_OBJC_BRIDGING_HEADER = "$(PROJECT_DIR)/$(PROJECT_NAME)/Bridging-Header.h";
				SWIFT_OPTIMIZATION_LEVEL = "-Onone";
				SWIFT_VERSION = 4.0;
				WK_WEB_VIEW_ONLY = 1;
			};
			name = Debug;
		};
		C01FCF5008A954540054247B /* Release */ = {
			isa = XCBuildConfiguration;
			baseConfigurationReference = 3047A5111AB8059700498E2A /* build.xcconfig */;
			buildSettings = {
				ALWAYS_EMBED_SWIFT_STANDARD_LIBRARIES = YES;
				CLANG_ANALYZER_LOCALIZABILITY_NONLOCALIZED = YES;
				CLANG_ENABLE_MODULES = YES;
				CLANG_ENABLE_OBJC_ARC = YES;
				CLANG_WARN_BLOCK_CAPTURE_AUTORELEASING = YES;
				CLANG_WARN_BOOL_CONVERSION = YES;
				CLANG_WARN_COMMA = YES;
				CLANG_WARN_CONSTANT_CONVERSION = YES;
				CLANG_WARN_DEPRECATED_OBJC_IMPLEMENTATIONS = YES;
				CLANG_WARN_EMPTY_BODY = YES;
				CLANG_WARN_ENUM_CONVERSION = YES;
				CLANG_WARN_INFINITE_RECURSION = YES;
				CLANG_WARN_INT_CONVERSION = YES;
				CLANG_WARN_NON_LITERAL_NULL_CONVERSION = YES;
				CLANG_WARN_OBJC_IMPLICIT_RETAIN_SELF = YES;
				CLANG_WARN_OBJC_LITERAL_CONVERSION = YES;
				CLANG_WARN_RANGE_LOOP_ANALYSIS = YES;
				CLANG_WARN_STRICT_PROTOTYPES = YES;
				CLANG_WARN_SUSPICIOUS_MOVE = YES;
				CLANG_WARN_UNREACHABLE_CODE = YES;
				CLANG_WARN__DUPLICATE_METHOD_MATCH = YES;
				ENABLE_STRICT_OBJC_MSGSEND = YES;
				GCC_C_LANGUAGE_STANDARD = c99;
				GCC_NO_COMMON_BLOCKS = YES;
				GCC_THUMB_SUPPORT = NO;
				GCC_VERSION = "";
				GCC_WARN_64_TO_32_BIT_CONVERSION = YES;
				GCC_WARN_ABOUT_RETURN_TYPE = YES;
				GCC_WARN_UNDECLARED_SELECTOR = YES;
				GCC_WARN_UNINITIALIZED_AUTOS = YES;
				GCC_WARN_UNUSED_FUNCTION = YES;
				GCC_WARN_UNUSED_VARIABLE = YES;
				LD_RUNPATH_SEARCH_PATHS = "@executable_path/Frameworks";
				SDKROOT = iphoneos;
				SKIP_INSTALL = NO;
				SWIFT_OBJC_BRIDGING_HEADER = "$(PROJECT_DIR)/$(PROJECT_NAME)/Bridging-Header.h";
				SWIFT_VERSION = 4.0;
				WK_WEB_VIEW_ONLY = 1;
			};
			name = Release;
		};
/* End XCBuildConfiguration section */

/* Begin XCConfigurationList section */
		1D6058960D05DD3E006BFB54 /* Build configuration list for PBXNativeTarget "Planing 24" */ = {
			isa = XCConfigurationList;
			buildConfigurations = (
				1D6058940D05DD3E006BFB54 /* Debug */,
				1D6058950D05DD3E006BFB54 /* Release */,
			);
			defaultConfigurationIsVisible = 0;
			defaultConfigurationName = Release;
		};
		C01FCF4E08A954540054247B /* Build configuration list for PBXProject "Planing 24" */ = {
			isa = XCConfigurationList;
			buildConfigurations = (
				C01FCF4F08A954540054247B /* Debug */,
				C01FCF5008A954540054247B /* Release */,
			);
			defaultConfigurationIsVisible = 0;
			defaultConfigurationName = Release;
		};
/* End XCConfigurationList section */
	};
	rootObject = 29B97313FDCFA39411CA2CEA /* Project object */;
}
